# THIS IS AN AUTOGENERATED FILE. DO NOT EDIT THIS FILE DIRECTLY.
# yarn lockfile v1


ask-sdk-core@^2.0.0:
  version "2.3.0"
  resolved "https://registry.yarnpkg.com/ask-sdk-core/-/ask-sdk-core-2.3.0.tgz#0d9295930776a9c45d9d5c4f9247c648bfe7fd39"
  dependencies:
    ask-sdk-runtime "^2.2.0"

ask-sdk-model@^1.0.0:
  version "1.9.0"
  resolved "https://registry.yarnpkg.com/ask-sdk-model/-/ask-sdk-model-1.9.0.tgz#9f2ed68d2593d4c4064f92d42792d70fee47ec09"

ask-sdk-runtime@^2.2.0:
  version "2.2.0"
  resolved "https://registry.yarnpkg.com/ask-sdk-runtime/-/ask-sdk-runtime-2.2.0.tgz#00b0dbbce9a362303045f36a4fd92024d6e8e07e"
